
Microsoft Visual Studio Solution File, Format Version 12.00
# Visual Studio Version 17
VisualStudioVersion = 17.0.32112.339
MinimumVisualStudioVersion = 10.0.40219.1
Project("{FAE04EC0-301F-11D3-BF4B-00C04F79EFBC}") = "Script.RefineryBalance.v2", "Script.RefineryBalance.v2\Script.RefineryBalance.v2.csproj", "{FCD6F5D4-579E-4507-9B39-87528489741E}"
EndProject
Project("{FAE04EC0-301F-11D3-BF4B-00C04F79EFBC}") = "Script.RefineryBalance.v2.UnitTests", "Script.RefineryBalance.v2.UnitTests\Script.RefineryBalance.v2.UnitTests.csproj", "{1DAE0091-80AF-41F4-B381-3225CDF5B4CD}"
EndProject
Project("{FAE04EC0-301F-11D3-BF4B-00C04F79EFBC}") = "Script.ResourceMonitor", "Script.ResourceMonitor\Script.ResourceMonitor.csproj", "{7604FD66-4CEE-432B-91F4-1432F64F2033}"
EndProject
Project("{D954291E-2A0B-460D-934E-DC6B0785DB48}") = "Shared.Core", "Shared.Core\Shared.Core.shproj", "{C1A242AC-8E40-405A-8FF8-93296C80E36F}"
EndProject
Project("{FAE04EC0-301F-11D3-BF4B-00C04F79EFBC}") = "Script.ResourceMonitor.UnitTests", "Script.ResourceMonitor.UnitTests\Script.ResourceMonitor.UnitTests.csproj", "{122051CB-5324-41CE-81EC-547250F631C3}"
EndProject
Project("{D954291E-2A0B-460D-934E-DC6B0785DB48}") = "Shared.Testing", "Shared.Testing\Shared.Testing.shproj", "{65B22E17-2EAF-425A-BCE4-3C3884F61AFB}"
EndProject
Project("{FAE04EC0-301F-11D3-BF4B-00C04F79EFBC}") = "Shared.Core.UnitTests", "Shared.Core.UnitTests\Shared.Core.UnitTests.csproj", "{120AD54B-3568-4D4C-9EED-CE346AF05863}"
EndProject
Project("{D954291E-2A0B-460D-934E-DC6B0785DB48}") = "Shared.Core.Ingame", "Shared.Core.Ingame\Shared.Core.Ingame.shproj", "{91A5B814-20A5-49DF-BDE9-E299B8E1102C}"
EndProject
Project("{FAE04EC0-301F-11D3-BF4B-00C04F79EFBC}") = "Script.Hephaestus.Thrusters", "Script.Hephaestus.Thrusters\Script.Hephaestus.Thrusters.csproj", "{6219A884-20EA-4F5F-9810-C1DEC259DC74}"
EndProject
Project("{FAE04EC0-301F-11D3-BF4B-00C04F79EFBC}") = "Script.Hephaestus.Thrusters.UnitTests", "Script.Hephaestus.Thrusters.UnitTests\Script.Hephaestus.Thrusters.UnitTests.csproj", "{92F4F198-53A7-479D-B7B5-B1FA0B28A26C}"
EndProject
Project("{FAE04EC0-301F-11D3-BF4B-00C04F79EFBC}") = "Script.Hephaestus.Drills", "Script.Hephaestus.Drills\Script.Hephaestus.Drills.csproj", "{DDD1F60E-8967-411E-8174-830EFDF15F3F}"
EndProject
Project("{FAE04EC0-301F-11D3-BF4B-00C04F79EFBC}") = "Script.Hephaestus.Drills.UnitTests", "Script.Hephaestus.Drills.UnitTests\Script.Hephaestus.Drills.UnitTests.csproj", "{FCCB4DC1-3D46-4A6D-9B7B-5F4BDC53F041}"
EndProject
Project("{FAE04EC0-301F-11D3-BF4B-00C04F79EFBC}") = "Script.PowerManagement", "Script.PowerManagement\Script.PowerManagement.csproj", "{24954313-B442-47F5-886E-F020C205FCA5}"
EndProject
Project("{FAE04EC0-301F-11D3-BF4B-00C04F79EFBC}") = "Script.PowerManagement.UnitTests", "Script.PowerManagement.UnitTests\Script.PowerManagement.UnitTests.csproj", "{9CF04AF5-18C3-4BEB-87C1-A5695DF0F830}"
EndProject
Project("{FAE04EC0-301F-11D3-BF4B-00C04F79EFBC}") = "Script.Hephaestus.ThrusterSync", "Script.Hephaestus.ThrusterSync\Script.Hephaestus.ThrusterSync.csproj", "{0CFF3A23-46E4-439A-95DB-1BF40F95AE72}"
EndProject
Project("{D954291E-2A0B-460D-934E-DC6B0785DB48}") = "Shared.LinearSolver", "Shared.LinearSolver\Shared.LinearSolver.shproj", "{476EBD47-0A65-4BD8-BA09-0B686E0E022B}"
EndProject
Project("{FAE04EC0-301F-11D3-BF4B-00C04F79EFBC}") = "Shared.LinearSolver.UnitTests", "Shared.LinearSolver.UnitTests\Shared.LinearSolver.UnitTests.csproj", "{86BCC3AA-0BEA-4881-BBCE-B1E496FABFEA}"
EndProject
Project("{FAE04EC0-301F-11D3-BF4B-00C04F79EFBC}") = "LinearSolver.Package", "LinearSolver.Package\LinearSolver.Package.csproj", "{2EA3EC08-3A76-4262-AA49-FCCEE14739A4}"
EndProject
Global
	GlobalSection(SharedMSBuildProjectFiles) = preSolution
		Shared.Core.Ingame\Shared.Core.Ingame.projitems*{0cff3a23-46e4-439a-95db-1bf40f95ae72}*SharedItemsImports = 4
		Shared.Core\Shared.Core.projitems*{0cff3a23-46e4-439a-95db-1bf40f95ae72}*SharedItemsImports = 4
		Shared.Core\Shared.Core.projitems*{120ad54b-3568-4d4c-9eed-ce346af05863}*SharedItemsImports = 4
		Shared.Testing\Shared.Testing.projitems*{122051cb-5324-41ce-81ec-547250f631c3}*SharedItemsImports = 4
		Shared.Testing\Shared.Testing.projitems*{1dae0091-80af-41f4-b381-3225cdf5b4cd}*SharedItemsImports = 4
		Shared.Core.Ingame\Shared.Core.Ingame.projitems*{24954313-b442-47f5-886e-f020c205fca5}*SharedItemsImports = 4
		Shared.Core\Shared.Core.projitems*{24954313-b442-47f5-886e-f020c205fca5}*SharedItemsImports = 4
		Shared.LinearSolver\Shared.LinearSolver.projitems*{2ea3ec08-3a76-4262-aa49-fccee14739a4}*SharedItemsImports = 5
		Shared.LinearSolver\Shared.LinearSolver.projitems*{476ebd47-0a65-4bd8-ba09-0b686e0e022b}*SharedItemsImports = 13
		Shared.Core.Ingame\Shared.Core.Ingame.projitems*{6219a884-20ea-4f5f-9810-c1dec259dc74}*SharedItemsImports = 4
		Shared.Core\Shared.Core.projitems*{6219a884-20ea-4f5f-9810-c1dec259dc74}*SharedItemsImports = 4
		Shared.Testing\Shared.Testing.projitems*{65b22e17-2eaf-425a-bce4-3c3884f61afb}*SharedItemsImports = 13
		Shared.Core.Ingame\Shared.Core.Ingame.projitems*{7604fd66-4cee-432b-91f4-1432f64f2033}*SharedItemsImports = 4
		Shared.Core\Shared.Core.projitems*{7604fd66-4cee-432b-91f4-1432f64f2033}*SharedItemsImports = 4
		Shared.LinearSolver\Shared.LinearSolver.projitems*{86bcc3aa-0bea-4881-bbce-b1e496fabfea}*SharedItemsImports = 4
		Shared.Core.Ingame\Shared.Core.Ingame.projitems*{91a5b814-20a5-49df-bde9-e299b8e1102c}*SharedItemsImports = 13
		Shared.Testing\Shared.Testing.projitems*{92f4f198-53a7-479d-b7b5-b1fa0b28a26c}*SharedItemsImports = 4
		Shared.Testing\Shared.Testing.projitems*{9cf04af5-18c3-4beb-87c1-a5695df0f830}*SharedItemsImports = 4
		Shared.Core\Shared.Core.projitems*{c1a242ac-8e40-405a-8ff8-93296c80e36f}*SharedItemsImports = 13
		Shared.Core.Ingame\Shared.Core.Ingame.projitems*{ddd1f60e-8967-411e-8174-830efdf15f3f}*SharedItemsImports = 4
		Shared.Core\Shared.Core.projitems*{ddd1f60e-8967-411e-8174-830efdf15f3f}*SharedItemsImports = 4
		Shared.Testing\Shared.Testing.projitems*{fccb4dc1-3d46-4a6d-9b7b-5f4bdc53f041}*SharedItemsImports = 4
		Shared.Core.Ingame\Shared.Core.Ingame.projitems*{fcd6f5d4-579e-4507-9b39-87528489741e}*SharedItemsImports = 4
		Shared.Core\Shared.Core.projitems*{fcd6f5d4-579e-4507-9b39-87528489741e}*SharedItemsImports = 4
	EndGlobalSection
	GlobalSection(SolutionConfigurationPlatforms) = preSolution
		Debug|Any CPU = Debug|Any CPU
		Debug|x64 = Debug|x64
		Release|Any CPU = Release|Any CPU
		Release|x64 = Release|x64
	EndGlobalSection
	GlobalSection(ProjectConfigurationPlatforms) = postSolution
		{FCD6F5D4-579E-4507-9B39-87528489741E}.Debug|Any CPU.ActiveCfg = Debug|x64
		{FCD6F5D4-579E-4507-9B39-87528489741E}.Debug|Any CPU.Build.0 = Debug|x64
		{FCD6F5D4-579E-4507-9B39-87528489741E}.Debug|x64.ActiveCfg = Debug|x64
		{FCD6F5D4-579E-4507-9B39-87528489741E}.Debug|x64.Build.0 = Debug|x64
		{FCD6F5D4-579E-4507-9B39-87528489741E}.Release|Any CPU.ActiveCfg = Debug|x64
		{FCD6F5D4-579E-4507-9B39-87528489741E}.Release|Any CPU.Build.0 = Debug|x64
		{FCD6F5D4-579E-4507-9B39-87528489741E}.Release|x64.ActiveCfg = Debug|x64
		{FCD6F5D4-579E-4507-9B39-87528489741E}.Release|x64.Build.0 = Debug|x64
		{1DAE0091-80AF-41F4-B381-3225CDF5B4CD}.Debug|Any CPU.ActiveCfg = Debug|Any CPU
		{1DAE0091-80AF-41F4-B381-3225CDF5B4CD}.Debug|Any CPU.Build.0 = Debug|Any CPU
		{1DAE0091-80AF-41F4-B381-3225CDF5B4CD}.Debug|x64.ActiveCfg = Debug|Any CPU
		{1DAE0091-80AF-41F4-B381-3225CDF5B4CD}.Debug|x64.Build.0 = Debug|Any CPU
		{1DAE0091-80AF-41F4-B381-3225CDF5B4CD}.Release|Any CPU.ActiveCfg = Release|Any CPU
		{1DAE0091-80AF-41F4-B381-3225CDF5B4CD}.Release|Any CPU.Build.0 = Release|Any CPU
		{1DAE0091-80AF-41F4-B381-3225CDF5B4CD}.Release|x64.ActiveCfg = Release|Any CPU
		{1DAE0091-80AF-41F4-B381-3225CDF5B4CD}.Release|x64.Build.0 = Release|Any CPU
		{7604FD66-4CEE-432B-91F4-1432F64F2033}.Debug|Any CPU.ActiveCfg = Debug|x64
		{7604FD66-4CEE-432B-91F4-1432F64F2033}.Debug|Any CPU.Build.0 = Debug|x64
		{7604FD66-4CEE-432B-91F4-1432F64F2033}.Debug|x64.ActiveCfg = Debug|x64
		{7604FD66-4CEE-432B-91F4-1432F64F2033}.Debug|x64.Build.0 = Debug|x64
		{7604FD66-4CEE-432B-91F4-1432F64F2033}.Release|Any CPU.ActiveCfg = Debug|x64
		{7604FD66-4CEE-432B-91F4-1432F64F2033}.Release|Any CPU.Build.0 = Debug|x64
		{7604FD66-4CEE-432B-91F4-1432F64F2033}.Release|x64.ActiveCfg = Debug|x64
		{7604FD66-4CEE-432B-91F4-1432F64F2033}.Release|x64.Build.0 = Debug|x64
		{122051CB-5324-41CE-81EC-547250F631C3}.Debug|Any CPU.ActiveCfg = Debug|Any CPU
		{122051CB-5324-41CE-81EC-547250F631C3}.Debug|Any CPU.Build.0 = Debug|Any CPU
		{122051CB-5324-41CE-81EC-547250F631C3}.Debug|x64.ActiveCfg = Debug|Any CPU
		{122051CB-5324-41CE-81EC-547250F631C3}.Debug|x64.Build.0 = Debug|Any CPU
		{122051CB-5324-41CE-81EC-547250F631C3}.Release|Any CPU.ActiveCfg = Release|Any CPU
		{122051CB-5324-41CE-81EC-547250F631C3}.Release|Any CPU.Build.0 = Release|Any CPU
		{122051CB-5324-41CE-81EC-547250F631C3}.Release|x64.ActiveCfg = Release|Any CPU
		{122051CB-5324-41CE-81EC-547250F631C3}.Release|x64.Build.0 = Release|Any CPU
		{120AD54B-3568-4D4C-9EED-CE346AF05863}.Debug|Any CPU.ActiveCfg = Debug|Any CPU
		{120AD54B-3568-4D4C-9EED-CE346AF05863}.Debug|Any CPU.Build.0 = Debug|Any CPU
		{120AD54B-3568-4D4C-9EED-CE346AF05863}.Debug|x64.ActiveCfg = Debug|Any CPU
		{120AD54B-3568-4D4C-9EED-CE346AF05863}.Debug|x64.Build.0 = Debug|Any CPU
		{120AD54B-3568-4D4C-9EED-CE346AF05863}.Release|Any CPU.ActiveCfg = Release|Any CPU
		{120AD54B-3568-4D4C-9EED-CE346AF05863}.Release|Any CPU.Build.0 = Release|Any CPU
		{120AD54B-3568-4D4C-9EED-CE346AF05863}.Release|x64.ActiveCfg = Release|Any CPU
		{120AD54B-3568-4D4C-9EED-CE346AF05863}.Release|x64.Build.0 = Release|Any CPU
		{6219A884-20EA-4F5F-9810-C1DEC259DC74}.Debug|Any CPU.ActiveCfg = Debug|x64
		{6219A884-20EA-4F5F-9810-C1DEC259DC74}.Debug|Any CPU.Build.0 = Debug|x64
		{6219A884-20EA-4F5F-9810-C1DEC259DC74}.Debug|x64.ActiveCfg = Debug|x64
		{6219A884-20EA-4F5F-9810-C1DEC259DC74}.Debug|x64.Build.0 = Debug|x64
		{6219A884-20EA-4F5F-9810-C1DEC259DC74}.Release|Any CPU.ActiveCfg = Debug|x64
		{6219A884-20EA-4F5F-9810-C1DEC259DC74}.Release|Any CPU.Build.0 = Debug|x64
		{6219A884-20EA-4F5F-9810-C1DEC259DC74}.Release|x64.ActiveCfg = Debug|x64
		{6219A884-20EA-4F5F-9810-C1DEC259DC74}.Release|x64.Build.0 = Debug|x64
		{92F4F198-53A7-479D-B7B5-B1FA0B28A26C}.Debug|Any CPU.ActiveCfg = Debug|Any CPU
		{92F4F198-53A7-479D-B7B5-B1FA0B28A26C}.Debug|Any CPU.Build.0 = Debug|Any CPU
		{92F4F198-53A7-479D-B7B5-B1FA0B28A26C}.Debug|x64.ActiveCfg = Debug|Any CPU
		{92F4F198-53A7-479D-B7B5-B1FA0B28A26C}.Debug|x64.Build.0 = Debug|Any CPU
		{92F4F198-53A7-479D-B7B5-B1FA0B28A26C}.Release|Any CPU.ActiveCfg = Release|Any CPU
		{92F4F198-53A7-479D-B7B5-B1FA0B28A26C}.Release|Any CPU.Build.0 = Release|Any CPU
		{92F4F198-53A7-479D-B7B5-B1FA0B28A26C}.Release|x64.ActiveCfg = Release|Any CPU
		{92F4F198-53A7-479D-B7B5-B1FA0B28A26C}.Release|x64.Build.0 = Release|Any CPU
		{DDD1F60E-8967-411E-8174-830EFDF15F3F}.Debug|Any CPU.ActiveCfg = Debug|x64
		{DDD1F60E-8967-411E-8174-830EFDF15F3F}.Debug|Any CPU.Build.0 = Debug|x64
		{DDD1F60E-8967-411E-8174-830EFDF15F3F}.Debug|x64.ActiveCfg = Debug|x64
		{DDD1F60E-8967-411E-8174-830EFDF15F3F}.Debug|x64.Build.0 = Debug|x64
		{DDD1F60E-8967-411E-8174-830EFDF15F3F}.Release|Any CPU.ActiveCfg = Debug|x64
		{DDD1F60E-8967-411E-8174-830EFDF15F3F}.Release|Any CPU.Build.0 = Debug|x64
		{DDD1F60E-8967-411E-8174-830EFDF15F3F}.Release|x64.ActiveCfg = Debug|x64
		{DDD1F60E-8967-411E-8174-830EFDF15F3F}.Release|x64.Build.0 = Debug|x64
		{FCCB4DC1-3D46-4A6D-9B7B-5F4BDC53F041}.Debug|Any CPU.ActiveCfg = Debug|Any CPU
		{FCCB4DC1-3D46-4A6D-9B7B-5F4BDC53F041}.Debug|Any CPU.Build.0 = Debug|Any CPU
		{FCCB4DC1-3D46-4A6D-9B7B-5F4BDC53F041}.Debug|x64.ActiveCfg = Debug|Any CPU
		{FCCB4DC1-3D46-4A6D-9B7B-5F4BDC53F041}.Debug|x64.Build.0 = Debug|Any CPU
		{FCCB4DC1-3D46-4A6D-9B7B-5F4BDC53F041}.Release|Any CPU.ActiveCfg = Release|Any CPU
		{FCCB4DC1-3D46-4A6D-9B7B-5F4BDC53F041}.Release|Any CPU.Build.0 = Release|Any CPU
		{FCCB4DC1-3D46-4A6D-9B7B-5F4BDC53F041}.Release|x64.ActiveCfg = Release|Any CPU
		{FCCB4DC1-3D46-4A6D-9B7B-5F4BDC53F041}.Release|x64.Build.0 = Release|Any CPU
		{24954313-B442-47F5-886E-F020C205FCA5}.Debug|Any CPU.ActiveCfg = Debug|x64
		{24954313-B442-47F5-886E-F020C205FCA5}.Debug|Any CPU.Build.0 = Debug|x64
		{24954313-B442-47F5-886E-F020C205FCA5}.Debug|x64.ActiveCfg = Debug|x64
		{24954313-B442-47F5-886E-F020C205FCA5}.Debug|x64.Build.0 = Debug|x64
		{24954313-B442-47F5-886E-F020C205FCA5}.Release|Any CPU.ActiveCfg = Debug|x64
		{24954313-B442-47F5-886E-F020C205FCA5}.Release|Any CPU.Build.0 = Debug|x64
		{24954313-B442-47F5-886E-F020C205FCA5}.Release|x64.ActiveCfg = Debug|x64
		{24954313-B442-47F5-886E-F020C205FCA5}.Release|x64.Build.0 = Debug|x64
		{9CF04AF5-18C3-4BEB-87C1-A5695DF0F830}.Debug|Any CPU.ActiveCfg = Debug|Any CPU
		{9CF04AF5-18C3-4BEB-87C1-A5695DF0F830}.Debug|Any CPU.Build.0 = Debug|Any CPU
		{9CF04AF5-18C3-4BEB-87C1-A5695DF0F830}.Debug|x64.ActiveCfg = Debug|Any CPU
		{9CF04AF5-18C3-4BEB-87C1-A5695DF0F830}.Debug|x64.Build.0 = Debug|Any CPU
		{9CF04AF5-18C3-4BEB-87C1-A5695DF0F830}.Release|Any CPU.ActiveCfg = Release|Any CPU
		{9CF04AF5-18C3-4BEB-87C1-A5695DF0F830}.Release|Any CPU.Build.0 = Release|Any CPU
		{9CF04AF5-18C3-4BEB-87C1-A5695DF0F830}.Release|x64.ActiveCfg = Release|Any CPU
		{9CF04AF5-18C3-4BEB-87C1-A5695DF0F830}.Release|x64.Build.0 = Release|Any CPU
		{0CFF3A23-46E4-439A-95DB-1BF40F95AE72}.Debug|Any CPU.ActiveCfg = Debug|x64
		{0CFF3A23-46E4-439A-95DB-1BF40F95AE72}.Debug|x64.ActiveCfg = Debug|x64
		{0CFF3A23-46E4-439A-95DB-1BF40F95AE72}.Debug|x64.Build.0 = Debug|x64
		{0CFF3A23-46E4-439A-95DB-1BF40F95AE72}.Release|Any CPU.ActiveCfg = Debug|x64
		{0CFF3A23-46E4-439A-95DB-1BF40F95AE72}.Release|Any CPU.Build.0 = Debug|x64
		{0CFF3A23-46E4-439A-95DB-1BF40F95AE72}.Release|x64.ActiveCfg = Debug|x64
		{0CFF3A23-46E4-439A-95DB-1BF40F95AE72}.Release|x64.Build.0 = Debug|x64
		{86BCC3AA-0BEA-4881-BBCE-B1E496FABFEA}.Debug|Any CPU.ActiveCfg = Debug|Any CPU
		{86BCC3AA-0BEA-4881-BBCE-B1E496FABFEA}.Debug|Any CPU.Build.0 = Debug|Any CPU
		{86BCC3AA-0BEA-4881-BBCE-B1E496FABFEA}.Debug|x64.ActiveCfg = Debug|Any CPU
		{86BCC3AA-0BEA-4881-BBCE-B1E496FABFEA}.Debug|x64.Build.0 = Debug|Any CPU
		{86BCC3AA-0BEA-4881-BBCE-B1E496FABFEA}.Release|Any CPU.ActiveCfg = Release|Any CPU
		{86BCC3AA-0BEA-4881-BBCE-B1E496FABFEA}.Release|Any CPU.Build.0 = Release|Any CPU
		{86BCC3AA-0BEA-4881-BBCE-B1E496FABFEA}.Release|x64.ActiveCfg = Release|Any CPU
		{86BCC3AA-0BEA-4881-BBCE-B1E496FABFEA}.Release|x64.Build.0 = Release|Any CPU
		{2EA3EC08-3A76-4262-AA49-FCCEE14739A4}.Debug|Any CPU.ActiveCfg = Release|Any CPU
		{2EA3EC08-3A76-4262-AA49-FCCEE14739A4}.Debug|Any CPU.Build.0 = Release|Any CPU
		{2EA3EC08-3A76-4262-AA49-FCCEE14739A4}.Debug|x64.ActiveCfg = Debug|Any CPU
		{2EA3EC08-3A76-4262-AA49-FCCEE14739A4}.Debug|x64.Build.0 = Debug|Any CPU
		{2EA3EC08-3A76-4262-AA49-FCCEE14739A4}.Release|Any CPU.ActiveCfg = Release|Any CPU
		{2EA3EC08-3A76-4262-AA49-FCCEE14739A4}.Release|Any CPU.Build.0 = Release|Any CPU
		{2EA3EC08-3A76-4262-AA49-FCCEE14739A4}.Release|x64.ActiveCfg = Release|Any CPU
		{2EA3EC08-3A76-4262-AA49-FCCEE14739A4}.Release|x64.Build.0 = Release|Any CPU
	EndGlobalSection
	GlobalSection(SolutionProperties) = preSolution
		HideSolutionNode = FALSE
	EndGlobalSection
	GlobalSection(ExtensibilityGlobals) = postSolution
		SolutionGuid = {2DD86324-F75C-4BEF-ABEC-BBF3EAA31564}
	EndGlobalSection
EndGlobal
